
Microsoft Visual Studio Solution File, Format Version 12.00
# Visual Studio Version 17
VisualStudioVersion = 17.2.32505.173
MinimumVisualStudioVersion = 10.0.40219.1
Project("{9A19103F-16F7-4668-BE54-9A1E7A4F7556}") = "AlfaBank.DataAccess", "AlfaBank.DataAccess\AlfaBank.DataAccess.csproj", "{CEC7358B-2997-4DB1-B050-52732B7F5898}"
EndProject
Project("{9A19103F-16F7-4668-BE54-9A1E7A4F7556}") = "AlfaBank.ConsoleApp", "AlfaBank.ConsoleApp\AlfaBank.ConsoleApp.csproj", "{542594E2-258D-4571-94B0-2D4DD0269403}"
	ProjectSection(ProjectDependencies) = postProject
		{CEC7358B-2997-4DB1-B050-52732B7F5898} = {CEC7358B-2997-4DB1-B050-52732B7F5898}
	EndProjectSection
EndProject
Global
	GlobalSection(SolutionConfigurationPlatforms) = preSolution
		Debug|Any CPU = Debug|Any CPU
		Release|Any CPU = Release|Any CPU
	EndGlobalSection
	GlobalSection(ProjectConfigurationPlatforms) = postSolution
		{CEC7358B-2997-4DB1-B050-52732B7F5898}.Debug|Any CPU.ActiveCfg = Debug|Any CPU
		{CEC7358B-2997-4DB1-B050-52732B7F5898}.Debug|Any CPU.Build.0 = Debug|Any CPU
		{CEC7358B-2997-4DB1-B050-52732B7F5898}.Release|Any CPU.ActiveCfg = Release|Any CPU
		{CEC7358B-2997-4DB1-B050-52732B7F5898}.Release|Any CPU.Build.0 = Release|Any CPU
		{542594E2-258D-4571-94B0-2D4DD0269403}.Debug|Any CPU.ActiveCfg = Debug|Any CPU
		{542594E2-258D-4571-94B0-2D4DD0269403}.Debug|Any CPU.Build.0 = Debug|Any CPU
		{542594E2-258D-4571-94B0-2D4DD0269403}.Release|Any CPU.ActiveCfg = Release|Any CPU
		{542594E2-258D-4571-94B0-2D4DD0269403}.Release|Any CPU.Build.0 = Release|Any CPU
	EndGlobalSection
	GlobalSection(SolutionProperties) = preSolution
		HideSolutionNode = FALSE
	EndGlobalSection
	GlobalSection(ExtensibilityGlobals) = postSolution
		SolutionGuid = {1DB61B4B-5663-4372-89DA-6A5A4C6D68DF}
	EndGlobalSection
EndGlobal
